
Microsoft Visual Studio Solution File, Format Version 12.00
# Visual Studio Version 17
VisualStudioVersion = 17.4.33205.214
MinimumVisualStudioVersion = 10.0.40219.1
Project("{FAE04EC0-301F-11D3-BF4B-00C04F79EFBC}") = "mod3", "mod3\mod3.csproj", "{71415F00-34D0-4570-A853-470743E919D7}"
EndProject
Global
	GlobalSection(SolutionConfigurationPlatforms) = preSolution
		Debug|Any CPU = Debug|Any CPU
		Release|Any CPU = Release|Any CPU
	EndGlobalSection
	GlobalSection(ProjectConfigurationPlatforms) = postSolution
		{71415F00-34D0-4570-A853-470743E919D7}.Debug|Any CPU.ActiveCfg = Debug|Any CPU
		{71415F00-34D0-4570-A853-470743E919D7}.Debug|Any CPU.Build.0 = Debug|Any CPU
		{71415F00-34D0-4570-A853-470743E919D7}.Release|Any CPU.ActiveCfg = Release|Any CPU
		{71415F00-34D0-4570-A853-470743E919D7}.Release|Any CPU.Build.0 = Release|Any CPU
	EndGlobalSection
	GlobalSection(SolutionProperties) = preSolution
		HideSolutionNode = FALSE
	EndGlobalSection
	GlobalSection(ExtensibilityGlobals) = postSolution
		SolutionGuid = {85378720-9667-4527-B666-DEC18B7CFFF9}
	EndGlobalSection
EndGlobal
